
Microsoft Visual Studio Solution File, Format Version 12.00
# Visual Studio Version 17
VisualStudioVersion = 17.0.32014.148
MinimumVisualStudioVersion = 10.0.40219.1
Project("{9A19103F-16F7-4668-BE54-9A1E7A4F7556}") = "uCNCgui", "uCNCgui.csproj", "{C413AE98-53D7-4040-B034-0A2311F35AA3}"
EndProject
Global
	GlobalSection(SolutionConfigurationPlatforms) = preSolution
		Debug|Any CPU = Debug|Any CPU
		Release|Any CPU = Release|Any CPU
	EndGlobalSection
	GlobalSection(ProjectConfigurationPlatforms) = postSolution
		{C413AE98-53D7-4040-B034-0A2311F35AA3}.Debug|Any CPU.ActiveCfg = Debug|Any CPU
		{C413AE98-53D7-4040-B034-0A2311F35AA3}.Debug|Any CPU.Build.0 = Debug|Any CPU
		{C413AE98-53D7-4040-B034-0A2311F35AA3}.Release|Any CPU.ActiveCfg = Release|Any CPU
		{C413AE98-53D7-4040-B034-0A2311F35AA3}.Release|Any CPU.Build.0 = Release|Any CPU
	EndGlobalSection
	GlobalSection(SolutionProperties) = preSolution
		HideSolutionNode = FALSE
	EndGlobalSection
	GlobalSection(ExtensibilityGlobals) = postSolution
		SolutionGuid = {D9CA12A8-89B0-41D6-8135-79E536C60E73}
	EndGlobalSection
EndGlobal
